
Microsoft Visual Studio Solution File, Format Version 12.00
# Visual Studio 15
VisualStudioVersion = 15.0.28307.421
MinimumVisualStudioVersion = 10.0.40219.1
Project("{FAE04EC0-301F-11D3-BF4B-00C04F79EFBC}") = "ServerCalculatorEx", "ServerCalculatorEx\ServerCalculatorEx.csproj", "{56F15748-6828-4BA7-8CDC-BB49B30BB2ED}"
EndProject
Project("{FAE04EC0-301F-11D3-BF4B-00C04F79EFBC}") = "ServerCalculatorEx.Test", "ServerCalculatorEx.Test\ServerCalculatorEx.Test.csproj", "{526ED6C0-F997-47E9-8A77-54D43CCA641F}"
EndProject
Global
	GlobalSection(SolutionConfigurationPlatforms) = preSolution
		Debug|Any CPU = Debug|Any CPU
		Release|Any CPU = Release|Any CPU
	EndGlobalSection
	GlobalSection(ProjectConfigurationPlatforms) = postSolution
		{56F15748-6828-4BA7-8CDC-BB49B30BB2ED}.Debug|Any CPU.ActiveCfg = Debug|Any CPU
		{56F15748-6828-4BA7-8CDC-BB49B30BB2ED}.Debug|Any CPU.Build.0 = Debug|Any CPU
		{56F15748-6828-4BA7-8CDC-BB49B30BB2ED}.Release|Any CPU.ActiveCfg = Release|Any CPU
		{56F15748-6828-4BA7-8CDC-BB49B30BB2ED}.Release|Any CPU.Build.0 = Release|Any CPU
		{526ED6C0-F997-47E9-8A77-54D43CCA641F}.Debug|Any CPU.ActiveCfg = Debug|Any CPU
		{526ED6C0-F997-47E9-8A77-54D43CCA641F}.Debug|Any CPU.Build.0 = Debug|Any CPU
		{526ED6C0-F997-47E9-8A77-54D43CCA641F}.Release|Any CPU.ActiveCfg = Release|Any CPU
		{526ED6C0-F997-47E9-8A77-54D43CCA641F}.Release|Any CPU.Build.0 = Release|Any CPU
	EndGlobalSection
	GlobalSection(SolutionProperties) = preSolution
		HideSolutionNode = FALSE
	EndGlobalSection
	GlobalSection(ExtensibilityGlobals) = postSolution
		SolutionGuid = {88AC64E5-D2B9-4C09-BDAB-FEC0B35636DD}
	EndGlobalSection
EndGlobal
